
Microsoft Visual Studio Solution File, Format Version 12.00
# Visual Studio 15
VisualStudioVersion = 15.0.26730.16
MinimumVisualStudioVersion = 10.0.40219.1
Project("{8BC9CEB8-8B4A-11D0-8D11-00A0C91BC942}") = "4.27", "4.27\4.27.vcxproj", "{081B8910-F561-4A77-9875-AF5373E97224}"
EndProject
Global
	GlobalSection(SolutionConfigurationPlatforms) = preSolution
		Debug|x64 = Debug|x64
		Debug|x86 = Debug|x86
		Release|x64 = Release|x64
		Release|x86 = Release|x86
	EndGlobalSection
	GlobalSection(ProjectConfigurationPlatforms) = postSolution
		{081B8910-F561-4A77-9875-AF5373E97224}.Debug|x64.ActiveCfg = Debug|x64
		{081B8910-F561-4A77-9875-AF5373E97224}.Debug|x64.Build.0 = Debug|x64
		{081B8910-F561-4A77-9875-AF5373E97224}.Debug|x86.ActiveCfg = Debug|Win32
		{081B8910-F561-4A77-9875-AF5373E97224}.Debug|x86.Build.0 = Debug|Win32
		{081B8910-F561-4A77-9875-AF5373E97224}.Release|x64.ActiveCfg = Release|x64
		{081B8910-F561-4A77-9875-AF5373E97224}.Release|x64.Build.0 = Release|x64
		{081B8910-F561-4A77-9875-AF5373E97224}.Release|x86.ActiveCfg = Release|Win32
		{081B8910-F561-4A77-9875-AF5373E97224}.Release|x86.Build.0 = Release|Win32
	EndGlobalSection
	GlobalSection(SolutionProperties) = preSolution
		HideSolutionNode = FALSE
	EndGlobalSection
	GlobalSection(ExtensibilityGlobals) = postSolution
		SolutionGuid = {F60BAC24-B1A3-4FDE-9669-21EA0A519D30}
	EndGlobalSection
EndGlobal
